
Microsoft Visual Studio Solution File, Format Version 12.00
# Visual Studio Version 17
VisualStudioVersion = 17.5.002.0
MinimumVisualStudioVersion = 10.0.40219.1
Project("{9A19103F-16F7-4668-BE54-9A1E7A4F7556}") = "API", "API.csproj", "{9E6C2DD1-7D30-4F6F-9D0C-2926C56A9093}"
EndProject
Global
	GlobalSection(SolutionConfigurationPlatforms) = preSolution
		Debug|Any CPU = Debug|Any CPU
		Release|Any CPU = Release|Any CPU
	EndGlobalSection
	GlobalSection(ProjectConfigurationPlatforms) = postSolution
		{9E6C2DD1-7D30-4F6F-9D0C-2926C56A9093}.Debug|Any CPU.ActiveCfg = Debug|Any CPU
		{9E6C2DD1-7D30-4F6F-9D0C-2926C56A9093}.Debug|Any CPU.Build.0 = Debug|Any CPU
		{9E6C2DD1-7D30-4F6F-9D0C-2926C56A9093}.Release|Any CPU.ActiveCfg = Release|Any CPU
		{9E6C2DD1-7D30-4F6F-9D0C-2926C56A9093}.Release|Any CPU.Build.0 = Release|Any CPU
	EndGlobalSection
	GlobalSection(SolutionProperties) = preSolution
		HideSolutionNode = FALSE
	EndGlobalSection
	GlobalSection(ExtensibilityGlobals) = postSolution
		SolutionGuid = {66E6B223-B6BE-4688-8455-C5258BC735A2}
	EndGlobalSection
EndGlobal
